
Microsoft Visual Studio Solution File, Format Version 12.00
# Visual Studio Version 17
VisualStudioVersion = 17.11.35312.102
MinimumVisualStudioVersion = 10.0.40219.1
Project("{FAE04EC0-301F-11D3-BF4B-00C04F79EFBC}") = "Book_Assignment", "Book_Assignment\Book_Assignment.csproj", "{6EA880A6-C19B-4EFA-9DB5-9704754FC9AD}"
EndProject
Global
	GlobalSection(SolutionConfigurationPlatforms) = preSolution
		Debug|Any CPU = Debug|Any CPU
		Release|Any CPU = Release|Any CPU
	EndGlobalSection
	GlobalSection(ProjectConfigurationPlatforms) = postSolution
		{6EA880A6-C19B-4EFA-9DB5-9704754FC9AD}.Debug|Any CPU.ActiveCfg = Debug|Any CPU
		{6EA880A6-C19B-4EFA-9DB5-9704754FC9AD}.Debug|Any CPU.Build.0 = Debug|Any CPU
		{6EA880A6-C19B-4EFA-9DB5-9704754FC9AD}.Release|Any CPU.ActiveCfg = Release|Any CPU
		{6EA880A6-C19B-4EFA-9DB5-9704754FC9AD}.Release|Any CPU.Build.0 = Release|Any CPU
	EndGlobalSection
	GlobalSection(SolutionProperties) = preSolution
		HideSolutionNode = FALSE
	EndGlobalSection
	GlobalSection(ExtensibilityGlobals) = postSolution
		SolutionGuid = {5BB66B78-B539-4109-89D5-CE0B95EBC73F}
	EndGlobalSection
EndGlobal
